// !$*UTF8*$!
{
	archiveVersion = 1;
	classes = {
	};
	objectVersion = 46;
	objects = {

/* Begin PBXBuildFile section */
		65E7EB9A1A4B0F410051CA3F /* AppDelegate.swift in Sources */ = {isa = PBXBuildFile; fileRef = 65E7EB991A4B0F410051CA3F /* AppDelegate.swift */; };
		65E7EB9C1A4B0F410051CA3F /* ViewController.swift in Sources */ = {isa = PBXBuildFile; fileRef = 65E7EB9B1A4B0F410051CA3F /* ViewController.swift */; };
		65E7EB9F1A4B0F410051CA3F /* Main.storyboard in Resources */ = {isa = PBXBuildFile; fileRef = 65E7EB9D1A4B0F410051CA3F /* Main.storyboard */; };
		65E7EBA11A4B0F410051CA3F /* Images.xcassets in Resources */ = {isa = PBXBuildFile; fileRef = 65E7EBA01A4B0F410051CA3F /* Images.xcassets */; };
		65E7EBA41A4B0F410051CA3F /* LaunchScreen.xib in Resources */ = {isa = PBXBuildFile; fileRef = 65E7EBA21A4B0F410051CA3F /* LaunchScreen.xib */; };
		65E7EBB01A4B0F410051CA3F /* DemoTextViewPlaceholderTests.swift in Sources */ = {isa = PBXBuildFile; fileRef = 65E7EBAF1A4B0F410051CA3F /* DemoTextViewPlaceholderTests.swift */; };
		65E7EBC31A4B0F570051CA3F /* RMTextViewPlaceholder.h in Headers */ = {isa = PBXBuildFile; fileRef = 65E7EBC21A4B0F570051CA3F /* RMTextViewPlaceholder.h */; settings = {ATTRIBUTES = (Public, ); }; };
		65E7EBC91A4B0F570051CA3F /* RMTextViewPlaceholder.framework in Frameworks */ = {isa = PBXBuildFile; fileRef = 65E7EBBE1A4B0F570051CA3F /* RMTextViewPlaceholder.framework */; };
		65E7EBD21A4B0F570051CA3F /* RMTextViewPlaceholderTests.swift in Sources */ = {isa = PBXBuildFile; fileRef = 65E7EBD11A4B0F570051CA3F /* RMTextViewPlaceholderTests.swift */; };
		65E7EBD51A4B0F570051CA3F /* RMTextViewPlaceholder.framework in Frameworks */ = {isa = PBXBuildFile; fileRef = 65E7EBBE1A4B0F570051CA3F /* RMTextViewPlaceholder.framework */; };
		65E7EBD61A4B0F570051CA3F /* RMTextViewPlaceholder.framework in Embed Frameworks */ = {isa = PBXBuildFile; fileRef = 65E7EBBE1A4B0F570051CA3F /* RMTextViewPlaceholder.framework */; settings = {ATTRIBUTES = (CodeSignOnCopy, RemoveHeadersOnCopy, ); }; };
		65E7EBDF1A4B0F710051CA3F /* RMTextViewPlaceholder.swift in Sources */ = {isa = PBXBuildFile; fileRef = 65E7EBDE1A4B0F710051CA3F /* RMTextViewPlaceholder.swift */; };
		65E7EBE01A4B0F710051CA3F /* RMTextViewPlaceholder.swift in Sources */ = {isa = PBXBuildFile; fileRef = 65E7EBDE1A4B0F710051CA3F /* RMTextViewPlaceholder.swift */; };
/* End PBXBuildFile section */

/* Begin PBXContainerItemProxy section */
		65E7EBAA1A4B0F410051CA3F /* PBXContainerItemProxy */ = {
			isa = PBXContainerItemProxy;
			containerPortal = 65E7EB8C1A4B0F410051CA3F /* Project object */;
			proxyType = 1;
			remoteGlobalIDString = 65E7EB931A4B0F410051CA3F;
			remoteInfo = DemoTextViewPlaceholder;
		};
		65E7EBCA1A4B0F570051CA3F /* PBXContainerItemProxy */ = {
			isa = PBXContainerItemProxy;
			containerPortal = 65E7EB8C1A4B0F410051CA3F /* Project object */;
			proxyType = 1;
			remoteGlobalIDString = 65E7EBBD1A4B0F570051CA3F;
			remoteInfo = RMTextViewPlaceholder;
		};
		65E7EBCC1A4B0F570051CA3F /* PBXContainerItemProxy */ = {
			isa = PBXContainerItemProxy;
			containerPortal = 65E7EB8C1A4B0F410051CA3F /* Project object */;
			proxyType = 1;
			remoteGlobalIDString = 65E7EB931A4B0F410051CA3F;
			remoteInfo = DemoTextViewPlaceholder;
		};
		65E7EBD31A4B0F570051CA3F /* PBXContainerItemProxy */ = {
			isa = PBXContainerItemProxy;
			containerPortal = 65E7EB8C1A4B0F410051CA3F /* Project object */;
			proxyType = 1;
			remoteGlobalIDString = 65E7EBBD1A4B0F570051CA3F;
			remoteInfo = RMTextViewPlaceholder;
		};
/* End PBXContainerItemProxy section */

/* Begin PBXCopyFilesBuildPhase section */
		65E7EBDA1A4B0F580051CA3F /* Embed Frameworks */ = {
			isa = PBXCopyFilesBuildPhase;
			buildActionMask = 2147483647;
			dstPath = "";
			dstSubfolderSpec = 10;
			files = (
				65E7EBD61A4B0F570051CA3F /* RMTextViewPlaceholder.framework in Embed Frameworks */,
			);
			name = "Embed Frameworks";
			runOnlyForDeploymentPostprocessing = 0;
		};
/* End PBXCopyFilesBuildPhase section */

/* Begin PBXFileReference section */
		65E7EB941A4B0F410051CA3F /* DemoTextViewPlaceholder.app */ = {isa = PBXFileReference; explicitFileType = wrapper.application; includeInIndex = 0; path = DemoTextViewPlaceholder.app; sourceTree = BUILT_PRODUCTS_DIR; };
		65E7EB981A4B0F410051CA3F /* Info.plist */ = {isa = PBXFileReference; lastKnownFileType = text.plist.xml; path = Info.plist; sourceTree = "<group>"; };
		65E7EB991A4B0F410051CA3F /* AppDelegate.swift */ = {isa = PBXFileReference; lastKnownFileType = sourcecode.swift; path = AppDelegate.swift; sourceTree = "<group>"; };
		65E7EB9B1A4B0F410051CA3F /* ViewController.swift */ = {isa = PBXFileReference; lastKnownFileType = sourcecode.swift; path = ViewController.swift; sourceTree = "<group>"; };
		65E7EB9E1A4B0F410051CA3F /* Base */ = {isa = PBXFileReference; lastKnownFileType = file.storyboard; name = Base; path = Base.lproj/Main.storyboard; sourceTree = "<group>"; };
		65E7EBA01A4B0F410051CA3F /* Images.xcassets */ = {isa = PBXFileReference; lastKnownFileType = folder.assetcatalog; path = Images.xcassets; sourceTree = "<group>"; };
		65E7EBA31A4B0F410051CA3F /* Base */ = {isa = PBXFileReference; lastKnownFileType = file.xib; name = Base; path = Base.lproj/LaunchScreen.xib; sourceTree = "<group>"; };
		65E7EBA91A4B0F410051CA3F /* DemoTextViewPlaceholderTests.xctest */ = {isa = PBXFileReference; explicitFileType = wrapper.cfbundle; includeInIndex = 0; path = DemoTextViewPlaceholderTests.xctest; sourceTree = BUILT_PRODUCTS_DIR; };
		65E7EBAE1A4B0F410051CA3F /* Info.plist */ = {isa = PBXFileReference; lastKnownFileType = text.plist.xml; path = Info.plist; sourceTree = "<group>"; };
		65E7EBAF1A4B0F410051CA3F /* DemoTextViewPlaceholderTests.swift */ = {isa = PBXFileReference; lastKnownFileType = sourcecode.swift; path = DemoTextViewPlaceholderTests.swift; sourceTree = "<group>"; };
		65E7EBBE1A4B0F570051CA3F /* RMTextViewPlaceholder.framework */ = {isa = PBXFileReference; explicitFileType = wrapper.framework; includeInIndex = 0; path = RMTextViewPlaceholder.framework; sourceTree = BUILT_PRODUCTS_DIR; };
		65E7EBC11A4B0F570051CA3F /* Info.plist */ = {isa = PBXFileReference; lastKnownFileType = text.plist.xml; path = Info.plist; sourceTree = "<group>"; };
		65E7EBC21A4B0F570051CA3F /* RMTextViewPlaceholder.h */ = {isa = PBXFileReference; lastKnownFileType = sourcecode.c.h; path = RMTextViewPlaceholder.h; sourceTree = "<group>"; };
		65E7EBC81A4B0F570051CA3F /* RMTextViewPlaceholderTests.xctest */ = {isa = PBXFileReference; explicitFileType = wrapper.cfbundle; includeInIndex = 0; path = RMTextViewPlaceholderTests.xctest; sourceTree = BUILT_PRODUCTS_DIR; };
		65E7EBD01A4B0F570051CA3F /* Info.plist */ = {isa = PBXFileReference; lastKnownFileType = text.plist.xml; path = Info.plist; sourceTree = "<group>"; };
		65E7EBD11A4B0F570051CA3F /* RMTextViewPlaceholderTests.swift */ = {isa = PBXFileReference; lastKnownFileType = sourcecode.swift; path = RMTextViewPlaceholderTests.swift; sourceTree = "<group>"; };
		65E7EBDE1A4B0F710051CA3F /* RMTextViewPlaceholder.swift */ = {isa = PBXFileReference; fileEncoding = 4; lastKnownFileType = sourcecode.swift; path = RMTextViewPlaceholder.swift; sourceTree = "<group>"; };
/* End PBXFileReference section */

/* Begin PBXFrameworksBuildPhase section */
		65E7EB911A4B0F410051CA3F /* Frameworks */ = {
			isa = PBXFrameworksBuildPhase;
			buildActionMask = 2147483647;
			files = (
				65E7EBD51A4B0F570051CA3F /* RMTextViewPlaceholder.framework in Frameworks */,
			);
			runOnlyForDeploymentPostprocessing = 0;
		};
		65E7EBA61A4B0F410051CA3F /* Frameworks */ = {
			isa = PBXFrameworksBuildPhase;
			buildActionMask = 2147483647;
			files = (
			);
			runOnlyForDeploymentPostprocessing = 0;
		};
		65E7EBBA1A4B0F570051CA3F /* Frameworks */ = {
			isa = PBXFrameworksBuildPhase;
			buildActionMask = 2147483647;
			files = (
			);
			runOnlyForDeploymentPostprocessing = 0;
		};
		65E7EBC51A4B0F570051CA3F /* Frameworks */ = {
			isa = PBXFrameworksBuildPhase;
			buildActionMask = 2147483647;
			files = (
				65E7EBC91A4B0F570051CA3F /* RMTextViewPlaceholder.framework in Frameworks */,
			);
			runOnlyForDeploymentPostprocessing = 0;
		};
/* End PBXFrameworksBuildPhase section */

/* Begin PBXGroup section */
		65E7EB8B1A4B0F410051CA3F = {
			isa = PBXGroup;
			children = (
				65E7EB961A4B0F410051CA3F /* DemoTextViewPlaceholder */,
				65E7EBAC1A4B0F410051CA3F /* DemoTextViewPlaceholderTests */,
				65E7EBBF1A4B0F570051CA3F /* RMTextViewPlaceholder */,
				65E7EBCE1A4B0F570051CA3F /* RMTextViewPlaceholderTests */,
				65E7EB951A4B0F410051CA3F /* Products */,
			);
			sourceTree = "<group>";
		};
		65E7EB951A4B0F410051CA3F /* Products */ = {
			isa = PBXGroup;
			children = (
				65E7EB941A4B0F410051CA3F /* DemoTextViewPlaceholder.app */,
				65E7EBA91A4B0F410051CA3F /* DemoTextViewPlaceholderTests.xctest */,
				65E7EBBE1A4B0F570051CA3F /* RMTextViewPlaceholder.framework */,
				65E7EBC81A4B0F570051CA3F /* RMTextViewPlaceholderTests.xctest */,
			);
			name = Products;
			sourceTree = "<group>";
		};
		65E7EB961A4B0F410051CA3F /* DemoTextViewPlaceholder */ = {
			isa = PBXGroup;
			children = (
				65E7EB991A4B0F410051CA3F /* AppDelegate.swift */,
				65E7EB9B1A4B0F410051CA3F /* ViewController.swift */,
				65E7EB9D1A4B0F410051CA3F /* Main.storyboard */,
				65E7EBA01A4B0F410051CA3F /* Images.xcassets */,
				65E7EBA21A4B0F410051CA3F /* LaunchScreen.xib */,
				65E7EB971A4B0F410051CA3F /* Supporting Files */,
			);
			path = DemoTextViewPlaceholder;
			sourceTree = "<group>";
		};
		65E7EB971A4B0F410051CA3F /* Supporting Files */ = {
			isa = PBXGroup;
			children = (
				65E7EB981A4B0F410051CA3F /* Info.plist */,
			);
			name = "Supporting Files";
			sourceTree = "<group>";
		};
		65E7EBAC1A4B0F410051CA3F /* DemoTextViewPlaceholderTests */ = {
			isa = PBXGroup;
			children = (
				65E7EBAF1A4B0F410051CA3F /* DemoTextViewPlaceholderTests.swift */,
				65E7EBAD1A4B0F410051CA3F /* Supporting Files */,
			);
			path = DemoTextViewPlaceholderTests;
			sourceTree = "<group>";
		};
		65E7EBAD1A4B0F410051CA3F /* Supporting Files */ = {
			isa = PBXGroup;
			children = (
				65E7EBAE1A4B0F410051CA3F /* Info.plist */,
			);
			name = "Supporting Files";
			sourceTree = "<group>";
		};
		65E7EBBF1A4B0F570051CA3F /* RMTextViewPlaceholder */ = {
			isa = PBXGroup;
			children = (
				65E7EBDE1A4B0F710051CA3F /* RMTextViewPlaceholder.swift */,
				65E7EBC21A4B0F570051CA3F /* RMTextViewPlaceholder.h */,
				65E7EBC01A4B0F570051CA3F /* Supporting Files */,
			);
			path = RMTextViewPlaceholder;
			sourceTree = "<group>";
		};
		65E7EBC01A4B0F570051CA3F /* Supporting Files */ = {
			isa = PBXGroup;
			children = (
				65E7EBC11A4B0F570051CA3F /* Info.plist */,
			);
			name = "Supporting Files";
			sourceTree = "<group>";
		};
		65E7EBCE1A4B0F570051CA3F /* RMTextViewPlaceholderTests */ = {
			isa = PBXGroup;
			children = (
				65E7EBD11A4B0F570051CA3F /* RMTextViewPlaceholderTests.swift */,
				65E7EBCF1A4B0F570051CA3F /* Supporting Files */,
			);
			path = RMTextViewPlaceholderTests;
			sourceTree = "<group>";
		};
		65E7EBCF1A4B0F570051CA3F /* Supporting Files */ = {
			isa = PBXGroup;
			children = (
				65E7EBD01A4B0F570051CA3F /* Info.plist */,
			);
			name = "Supporting Files";
			sourceTree = "<group>";
		};
/* End PBXGroup section */

/* Begin PBXHeadersBuildPhase section */
		65E7EBBB1A4B0F570051CA3F /* Headers */ = {
			isa = PBXHeadersBuildPhase;
			buildActionMask = 2147483647;
			files = (
				65E7EBC31A4B0F570051CA3F /* RMTextViewPlaceholder.h in Headers */,
			);
			runOnlyForDeploymentPostprocessing = 0;
		};
/* End PBXHeadersBuildPhase section */

/* Begin PBXNativeTarget section */
		65E7EB931A4B0F410051CA3F /* DemoTextViewPlaceholder */ = {
			isa = PBXNativeTarget;
			buildConfigurationList = 65E7EBB31A4B0F410051CA3F /* Build configuration list for PBXNativeTarget "DemoTextViewPlaceholder" */;
			buildPhases = (
				65E7EB901A4B0F410051CA3F /* Sources */,
				65E7EB911A4B0F410051CA3F /* Frameworks */,
				65E7EB921A4B0F410051CA3F /* Resources */,
				65E7EBDA1A4B0F580051CA3F /* Embed Frameworks */,
			);
			buildRules = (
			);
			dependencies = (
				65E7EBD41A4B0F570051CA3F /* PBXTargetDependency */,
			);
			name = DemoTextViewPlaceholder;
			productName = DemoTextViewPlaceholder;
			productReference = 65E7EB941A4B0F410051CA3F /* DemoTextViewPlaceholder.app */;
			productType = "com.apple.product-type.application";
		};
		65E7EBA81A4B0F410051CA3F /* DemoTextViewPlaceholderTests */ = {
			isa = PBXNativeTarget;
			buildConfigurationList = 65E7EBB61A4B0F410051CA3F /* Build configuration list for PBXNativeTarget "DemoTextViewPlaceholderTests" */;
			buildPhases = (
				65E7EBA51A4B0F410051CA3F /* Sources */,
				65E7EBA61A4B0F410051CA3F /* Frameworks */,
				65E7EBA71A4B0F410051CA3F /* Resources */,
			);
			buildRules = (
			);
			dependencies = (
				65E7EBAB1A4B0F410051CA3F /* PBXTargetDependency */,
			);
			name = DemoTextViewPlaceholderTests;
			productName = DemoTextViewPlaceholderTests;
			productReference = 65E7EBA91A4B0F410051CA3F /* DemoTextViewPlaceholderTests.xctest */;
			productType = "com.apple.product-type.bundle.unit-test";
		};
		65E7EBBD1A4B0F570051CA3F /* RMTextViewPlaceholder */ = {
			isa = PBXNativeTarget;
			buildConfigurationList = 65E7EBD71A4B0F580051CA3F /* Build configuration list for PBXNativeTarget "RMTextViewPlaceholder" */;
			buildPhases = (
				65E7EBB91A4B0F570051CA3F /* Sources */,
				65E7EBBA1A4B0F570051CA3F /* Frameworks */,
				65E7EBBB1A4B0F570051CA3F /* Headers */,
				65E7EBBC1A4B0F570051CA3F /* Resources */,
			);
			buildRules = (
			);
			dependencies = (
			);
			name = RMTextViewPlaceholder;
			productName = RMTextViewPlaceholder;
			productReference = 65E7EBBE1A4B0F570051CA3F /* RMTextViewPlaceholder.framework */;
			productType = "com.apple.product-type.framework";
		};
		65E7EBC71A4B0F570051CA3F /* RMTextViewPlaceholderTests */ = {
			isa = PBXNativeTarget;
			buildConfigurationList = 65E7EBDB1A4B0F580051CA3F /* Build configuration list for PBXNativeTarget "RMTextViewPlaceholderTests" */;
			buildPhases = (
				65E7EBC41A4B0F570051CA3F /* Sources */,
				65E7EBC51A4B0F570051CA3F /* Frameworks */,
				65E7EBC61A4B0F570051CA3F /* Resources */,
			);
			buildRules = (
			);
			dependencies = (
				65E7EBCB1A4B0F570051CA3F /* PBXTargetDependency */,
				65E7EBCD1A4B0F570051CA3F /* PBXTargetDependency */,
			);
			name = RMTextViewPlaceholderTests;
			productName = RMTextViewPlaceholderTests;
			productReference = 65E7EBC81A4B0F570051CA3F /* RMTextViewPlaceholderTests.xctest */;
			productType = "com.apple.product-type.bundle.unit-test";
		};
/* End PBXNativeTarget section */

/* Begin PBXProject section */
		65E7EB8C1A4B0F410051CA3F /* Project object */ = {
			isa = PBXProject;
			attributes = {
				LastUpgradeCheck = 0610;
				ORGANIZATIONNAME = RalphMarschall;
				TargetAttributes = {
					65E7EB931A4B0F410051CA3F = {
						CreatedOnToolsVersion = 6.1.1;
					};
					65E7EBA81A4B0F410051CA3F = {
						CreatedOnToolsVersion = 6.1.1;
						TestTargetID = 65E7EB931A4B0F410051CA3F;
					};
					65E7EBBD1A4B0F570051CA3F = {
						CreatedOnToolsVersion = 6.1.1;
					};
					65E7EBC71A4B0F570051CA3F = {
						CreatedOnToolsVersion = 6.1.1;
						TestTargetID = 65E7EB931A4B0F410051CA3F;
					};
				};
			};
			buildConfigurationList = 65E7EB8F1A4B0F410051CA3F /* Build configuration list for PBXProject "DemoTextViewPlaceholder" */;
			compatibilityVersion = "Xcode 3.2";
			developmentRegion = English;
			hasScannedForEncodings = 0;
			knownRegions = (
				en,
				Base,
			);
			mainGroup = 65E7EB8B1A4B0F410051CA3F;
			productRefGroup = 65E7EB951A4B0F410051CA3F /* Products */;
			projectDirPath = "";
			projectRoot = "";
			targets = (
				65E7EB931A4B0F410051CA3F /* DemoTextViewPlaceholder */,
				65E7EBA81A4B0F410051CA3F /* DemoTextViewPlaceholderTests */,
				65E7EBBD1A4B0F570051CA3F /* RMTextViewPlaceholder */,
				65E7EBC71A4B0F570051CA3F /* RMTextViewPlaceholderTests */,
			);
		};
/* End PBXProject section */

/* Begin PBXResourcesBuildPhase section */
		65E7EB921A4B0F410051CA3F /* Resources */ = {
			isa = PBXResourcesBuildPhase;
			buildActionMask = 2147483647;
			files = (
				65E7EB9F1A4B0F410051CA3F /* Main.storyboard in Resources */,
				65E7EBA41A4B0F410051CA3F /* LaunchScreen.xib in Resources */,
				65E7EBA11A4B0F410051CA3F /* Images.xcassets in Resources */,
			);
			runOnlyForDeploymentPostprocessing = 0;
		};
		65E7EBA71A4B0F410051CA3F /* Resources */ = {
			isa = PBXResourcesBuildPhase;
			buildActionMask = 2147483647;
			files = (
			);
			runOnlyForDeploymentPostprocessing = 0;
		};
		65E7EBBC1A4B0F570051CA3F /* Resources */ = {
			isa = PBXResourcesBuildPhase;
			buildActionMask = 2147483647;
			files = (
			);
			runOnlyForDeploymentPostprocessing = 0;
		};
		65E7EBC61A4B0F570051CA3F /* Resources */ = {
			isa = PBXResourcesBuildPhase;
			buildActionMask = 2147483647;
			files = (
			);
			runOnlyForDeploymentPostprocessing = 0;
		};
/* End PBXResourcesBuildPhase section */

/* Begin PBXSourcesBuildPhase section */
		65E7EB901A4B0F410051CA3F /* Sources */ = {
			isa = PBXSourcesBuildPhase;
			buildActionMask = 2147483647;
			files = (
				65E7EB9C1A4B0F410051CA3F /* ViewController.swift in Sources */,
				65E7EB9A1A4B0F410051CA3F /* AppDelegate.swift in Sources */,
				65E7EBDF1A4B0F710051CA3F /* RMTextViewPlaceholder.swift in Sources */,
			);
			runOnlyForDeploymentPostprocessing = 0;
		};
		65E7EBA51A4B0F410051CA3F /* Sources */ = {
			isa = PBXSourcesBuildPhase;
			buildActionMask = 2147483647;
			files = (
				65E7EBB01A4B0F410051CA3F /* DemoTextViewPlaceholderTests.swift in Sources */,
			);
			runOnlyForDeploymentPostprocessing = 0;
		};
		65E7EBB91A4B0F570051CA3F /* Sources */ = {
			isa = PBXSourcesBuildPhase;
			buildActionMask = 2147483647;
			files = (
				65E7EBE01A4B0F710051CA3F /* RMTextViewPlaceholder.swift in Sources */,
			);
			runOnlyForDeploymentPostprocessing = 0;
		};
		65E7EBC41A4B0F570051CA3F /* Sources */ = {
			isa = PBXSourcesBuildPhase;
			buildActionMask = 2147483647;
			files = (
				65E7EBD21A4B0F570051CA3F /* RMTextViewPlaceholderTests.swift in Sources */,
			);
			runOnlyForDeploymentPostprocessing = 0;
		};
/* End PBXSourcesBuildPhase section */

/* Begin PBXTargetDependency section */
		65E7EBAB1A4B0F410051CA3F /* PBXTargetDependency */ = {
			isa = PBXTargetDependency;
			target = 65E7EB931A4B0F410051CA3F /* DemoTextViewPlaceholder */;
			targetProxy = 65E7EBAA1A4B0F410051CA3F /* PBXContainerItemProxy */;
		};
		65E7EBCB1A4B0F570051CA3F /* PBXTargetDependency */ = {
			isa = PBXTargetDependency;
			target = 65E7EBBD1A4B0F570051CA3F /* RMTextViewPlaceholder */;
			targetProxy = 65E7EBCA1A4B0F570051CA3F /* PBXContainerItemProxy */;
		};
		65E7EBCD1A4B0F570051CA3F /* PBXTargetDependency */ = {
			isa = PBXTargetDependency;
			target = 65E7EB931A4B0F410051CA3F /* DemoTextViewPlaceholder */;
			targetProxy = 65E7EBCC1A4B0F570051CA3F /* PBXContainerItemProxy */;
		};
		65E7EBD41A4B0F570051CA3F /* PBXTargetDependency */ = {
			isa = PBXTargetDependency;
			target = 65E7EBBD1A4B0F570051CA3F /* RMTextViewPlaceholder */;
			targetProxy = 65E7EBD31A4B0F570051CA3F /* PBXContainerItemProxy */;
		};
/* End PBXTargetDependency section */

/* Begin PBXVariantGroup section */
		65E7EB9D1A4B0F410051CA3F /* Main.storyboard */ = {
			isa = PBXVariantGroup;
			children = (
				65E7EB9E1A4B0F410051CA3F /* Base */,
			);
			name = Main.storyboard;
			sourceTree = "<group>";
		};
		65E7EBA21A4B0F410051CA3F /* LaunchScreen.xib */ = {
			isa = PBXVariantGroup;
			children = (
				65E7EBA31A4B0F410051CA3F /* Base */,
			);
			name = LaunchScreen.xib;
			sourceTree = "<group>";
		};
/* End PBXVariantGroup section */

/* Begin XCBuildConfiguration section */
		65E7EBB11A4B0F410051CA3F /* Debug */ = {
			isa = XCBuildConfiguration;
			buildSettings = {
				ALWAYS_SEARCH_USER_PATHS = NO;
				CLANG_CXX_LANGUAGE_STANDARD = "gnu++0x";
				CLANG_CXX_LIBRARY = "libc++";
				CLANG_ENABLE_MODULES = YES;
				CLANG_ENABLE_OBJC_ARC = YES;
				CLANG_WARN_BOOL_CONVERSION = YES;
				CLANG_WARN_CONSTANT_CONVERSION = YES;
				CLANG_WARN_DIRECT_OBJC_ISA_USAGE = YES_ERROR;
				CLANG_WARN_EMPTY_BODY = YES;
				CLANG_WARN_ENUM_CONVERSION = YES;
				CLANG_WARN_INT_CONVERSION = YES;
				CLANG_WARN_OBJC_ROOT_CLASS = YES_ERROR;
				CLANG_WARN_UNREACHABLE_CODE = YES;
				CLANG_WARN__DUPLICATE_METHOD_MATCH = YES;
				"CODE_SIGN_IDENTITY[sdk=iphoneos*]" = "iPhone Developer";
				COPY_PHASE_STRIP = NO;
				ENABLE_STRICT_OBJC_MSGSEND = YES;
				GCC_C_LANGUAGE_STANDARD = gnu99;
				GCC_DYNAMIC_NO_PIC = NO;
				GCC_OPTIMIZATION_LEVEL = 0;
				GCC_PREPROCESSOR_DEFINITIONS = (
					"DEBUG=1",
					"$(inherited)",
				);
				GCC_SYMBOLS_PRIVATE_EXTERN = NO;
				GCC_WARN_64_TO_32_BIT_CONVERSION = YES;
				GCC_WARN_ABOUT_RETURN_TYPE = YES_ERROR;
				GCC_WARN_UNDECLARED_SELECTOR = YES;
				GCC_WARN_UNINITIALIZED_AUTOS = YES_AGGRESSIVE;
				GCC_WARN_UNUSED_FUNCTION = YES;
				GCC_WARN_UNUSED_VARIABLE = YES;
				IPHONEOS_DEPLOYMENT_TARGET = 8.1;
				MTL_ENABLE_DEBUG_INFO = YES;
				ONLY_ACTIVE_ARCH = YES;
				SDKROOT = iphoneos;
				SWIFT_OPTIMIZATION_LEVEL = "-Onone";
				TARGETED_DEVICE_FAMILY = "1,2";
			};
			name = Debug;
		};
		65E7EBB21A4B0F410051CA3F /* Release */ = {
			isa = XCBuildConfiguration;
			buildSettings = {
				ALWAYS_SEARCH_USER_PATHS = NO;
				CLANG_CXX_LANGUAGE_STANDARD = "gnu++0x";
				CLANG_CXX_LIBRARY = "libc++";
				CLANG_ENABLE_MODULES = YES;
				CLANG_ENABLE_OBJC_ARC = YES;
				CLANG_WARN_BOOL_CONVERSION = YES;
				CLANG_WARN_CONSTANT_CONVERSION = YES;
				CLANG_WARN_DIRECT_OBJC_ISA_USAGE = YES_ERROR;
				CLANG_WARN_EMPTY_BODY = YES;
				CLANG_WARN_ENUM_CONVERSION = YES;
				CLANG_WARN_INT_CONVERSION = YES;
				CLANG_WARN_OBJC_ROOT_CLASS = YES_ERROR;
				CLANG_WARN_UNREACHABLE_CODE = YES;
				CLANG_WARN__DUPLICATE_METHOD_MATCH = YES;
				"CODE_SIGN_IDENTITY[sdk=iphoneos*]" = "iPhone Developer";
				COPY_PHASE_STRIP = YES;
				ENABLE_NS_ASSERTIONS = NO;
				ENABLE_STRICT_OBJC_MSGSEND = YES;
				GCC_C_LANGUAGE_STANDARD = gnu99;
				GCC_WARN_64_TO_32_BIT_CONVERSION = YES;
				GCC_WARN_ABOUT_RETURN_TYPE = YES_ERROR;
				GCC_WARN_UNDECLARED_SELECTOR = YES;
				GCC_WARN_UNINITIALIZED_AUTOS = YES_AGGRESSIVE;
				GCC_WARN_UNUSED_FUNCTION = YES;
				GCC_WARN_UNUSED_VARIABLE = YES;
				IPHONEOS_DEPLOYMENT_TARGET = 8.1;
				MTL_ENABLE_DEBUG_INFO = NO;
				SDKROOT = iphoneos;
				TARGETED_DEVICE_FAMILY = "1,2";
				VALIDATE_PRODUCT = YES;
			};
			name = Release;
		};
		65E7EBB41A4B0F410051CA3F /* Debug */ = {
			isa = XCBuildConfiguration;
			buildSettings = {
				ASSETCATALOG_COMPILER_APPICON_NAME = AppIcon;
				INFOPLIST_FILE = DemoTextViewPlaceholder/Info.plist;
				LD_RUNPATH_SEARCH_PATHS = "$(inherited) @executable_path/Frameworks";
				PRODUCT_NAME = "$(TARGET_NAME)";
			};
			name = Debug;
		};
		65E7EBB51A4B0F410051CA3F /* Release */ = {
			isa = XCBuildConfiguration;
			buildSettings = {
				ASSETCATALOG_COMPILER_APPICON_NAME = AppIcon;
				INFOPLIST_FILE = DemoTextViewPlaceholder/Info.plist;
				LD_RUNPATH_SEARCH_PATHS = "$(inherited) @executable_path/Frameworks";
				PRODUCT_NAME = "$(TARGET_NAME)";
			};
			name = Release;
		};
		65E7EBB71A4B0F410051CA3F /* Debug */ = {
			isa = XCBuildConfiguration;
			buildSettings = {
				BUNDLE_LOADER = "$(TEST_HOST)";
				FRAMEWORK_SEARCH_PATHS = (
					"$(SDKROOT)/Developer/Library/Frameworks",
					"$(inherited)",
				);
				GCC_PREPROCESSOR_DEFINITIONS = (
					"DEBUG=1",
					"$(inherited)",
				);
				INFOPLIST_FILE = DemoTextViewPlaceholderTests/Info.plist;
				LD_RUNPATH_SEARCH_PATHS = "$(inherited) @executable_path/Frameworks @loader_path/Frameworks";
				PRODUCT_NAME = "$(TARGET_NAME)";
				TEST_HOST = "$(BUILT_PRODUCTS_DIR)/DemoTextViewPlaceholder.app/DemoTextViewPlaceholder";
			};
			name = Debug;
		};
		65E7EBB81A4B0F410051CA3F /* Release */ = {
			isa = XCBuildConfiguration;
			buildSettings = {
				BUNDLE_LOADER = "$(TEST_HOST)";
				FRAMEWORK_SEARCH_PATHS = (
					"$(SDKROOT)/Developer/Library/Frameworks",
					"$(inherited)",
				);
				INFOPLIST_FILE = DemoTextViewPlaceholderTests/Info.plist;
				LD_RUNPATH_SEARCH_PATHS = "$(inherited) @executable_path/Frameworks @loader_path/Frameworks";
				PRODUCT_NAME = "$(TARGET_NAME)";
				TEST_HOST = "$(BUILT_PRODUCTS_DIR)/DemoTextViewPlaceholder.app/DemoTextViewPlaceholder";
			};
			name = Release;
		};
		65E7EBD81A4B0F580051CA3F /* Debug */ = {
			isa = XCBuildConfiguration;
			buildSettings = {
				CLANG_ENABLE_MODULES = YES;
				CURRENT_PROJECT_VERSION = 1;
				DEFINES_MODULE = YES;
				DYLIB_COMPATIBILITY_VERSION = 1;
				DYLIB_CURRENT_VERSION = 1;
				DYLIB_INSTALL_NAME_BASE = "@rpath";
				GCC_PREPROCESSOR_DEFINITIONS = (
					"DEBUG=1",
					"$(inherited)",
				);
				INFOPLIST_FILE = RMTextViewPlaceholder/Info.plist;
				INSTALL_PATH = "$(LOCAL_LIBRARY_DIR)/Frameworks";
				LD_RUNPATH_SEARCH_PATHS = "$(inherited) @executable_path/Frameworks @loader_path/Frameworks";
				PRODUCT_NAME = "$(TARGET_NAME)";
				SKIP_INSTALL = YES;
				SWIFT_OPTIMIZATION_LEVEL = "-Onone";
				VERSIONING_SYSTEM = "apple-generic";
				VERSION_INFO_PREFIX = "";
			};
			name = Debug;
		};
		65E7EBD91A4B0F580051CA3F /* Release */ = {
			isa = XCBuildConfiguration;
			buildSettings = {
				CLANG_ENABLE_MODULES = YES;
				CURRENT_PROJECT_VERSION = 1;
				DEFINES_MODULE = YES;
				DYLIB_COMPATIBILITY_VERSION = 1;
				DYLIB_CURRENT_VERSION = 1;
				DYLIB_INSTALL_NAME_BASE = "@rpath";
				INFOPLIST_FILE = RMTextViewPlaceholder/Info.plist;
				INSTALL_PATH = "$(LOCAL_LIBRARY_DIR)/Frameworks";
				LD_RUNPATH_SEARCH_PATHS = "$(inherited) @executable_path/Frameworks @loader_path/Frameworks";
				PRODUCT_NAME = "$(TARGET_NAME)";
				SKIP_INSTALL = YES;
				VERSIONING_SYSTEM = "apple-generic";
				VERSION_INFO_PREFIX = "";
			};
			name = Release;
		};
		65E7EBDC1A4B0F580051CA3F /* Debug */ = {
			isa = XCBuildConfiguration;
			buildSettings = {
				FRAMEWORK_SEARCH_PATHS = (
					"$(SDKROOT)/Developer/Library/Frameworks",
					"$(inherited)",
				);
				GCC_PREPROCESSOR_DEFINITIONS = (
					"DEBUG=1",
					"$(inherited)",
				);
				INFOPLIST_FILE = RMTextViewPlaceholderTests/Info.plist;
				LD_RUNPATH_SEARCH_PATHS = "$(inherited) @executable_path/Frameworks @loader_path/Frameworks";
				PRODUCT_NAME = "$(TARGET_NAME)";
				TEST_HOST = "$(BUILT_PRODUCTS_DIR)/DemoTextViewPlaceholder.app/DemoTextViewPlaceholder";
			};
			name = Debug;
		};
		65E7EBDD1A4B0F580051CA3F /* Release */ = {
			isa = XCBuildConfiguration;
			buildSettings = {
				FRAMEWORK_SEARCH_PATHS = (
					"$(SDKROOT)/Developer/Library/Frameworks",
					"$(inherited)",
				);
				INFOPLIST_FILE = RMTextViewPlaceholderTests/Info.plist;
				LD_RUNPATH_SEARCH_PATHS = "$(inherited) @executable_path/Frameworks @loader_path/Frameworks";
				PRODUCT_NAME = "$(TARGET_NAME)";
				TEST_HOST = "$(BUILT_PRODUCTS_DIR)/DemoTextViewPlaceholder.app/DemoTextViewPlaceholder";
			};
			name = Release;
		};
/* End XCBuildConfiguration section */

/* Begin XCConfigurationList section */
		65E7EB8F1A4B0F410051CA3F /* Build configuration list for PBXProject "DemoTextViewPlaceholder" */ = {
			isa = XCConfigurationList;
			buildConfigurations = (
				65E7EBB11A4B0F410051CA3F /* Debug */,
				65E7EBB21A4B0F410051CA3F /* Release */,
			);
			defaultConfigurationIsVisible = 0;
			defaultConfigurationName = Release;
		};
		65E7EBB31A4B0F410051CA3F /* Build configuration list for PBXNativeTarget "DemoTextViewPlaceholder" */ = {
			isa = XCConfigurationList;
			buildConfigurations = (
				65E7EBB41A4B0F410051CA3F /* Debug */,
				65E7EBB51A4B0F410051CA3F /* Release */,
			);
			defaultConfigurationIsVisible = 0;
		};
		65E7EBB61A4B0F410051CA3F /* Build configuration list for PBXNativeTarget "DemoTextViewPlaceholderTests" */ = {
			isa = XCConfigurationList;
			buildConfigurations = (
				65E7EBB71A4B0F410051CA3F /* Debug */,
				65E7EBB81A4B0F410051CA3F /* Release */,
			);
			defaultConfigurationIsVisible = 0;
		};
		65E7EBD71A4B0F580051CA3F /* Build configuration list for PBXNativeTarget "RMTextViewPlaceholder" */ = {
			isa = XCConfigurationList;
			buildConfigurations = (
				65E7EBD81A4B0F580051CA3F /* Debug */,
				65E7EBD91A4B0F580051CA3F /* Release */,
			);
			defaultConfigurationIsVisible = 0;
		};
		65E7EBDB1A4B0F580051CA3F /* Build configuration list for PBXNativeTarget "RMTextViewPlaceholderTests" */ = {
			isa = XCConfigurationList;
			buildConfigurations = (
				65E7EBDC1A4B0F580051CA3F /* Debug */,
				65E7EBDD1A4B0F580051CA3F /* Release */,
			);
			defaultConfigurationIsVisible = 0;
		};
/* End XCConfigurationList section */
	};
	rootObject = 65E7EB8C1A4B0F410051CA3F /* Project object */;
}
